{
  "name": "blog",
  "version": "1.0.0",
  "lockfileVersion": 1,
  "requires": true,
  "dependencies": {
    "accepts": {
      "version": "1.3.7",
      "resolved": "https://registry.npm.taobao.org/accepts/download/accepts-1.3.7.tgz",
      "requires": {
        "mime-types": "~2.1.24"
      },
      "dependencies": {
        "mime-types": {
          "version": "https://registry.npm.taobao.org/mime-types/download/mime-types-2.1.24.tgz",
          "bundled": true
        },
        "negotiator": {
          "version": "https://registry.npm.taobao.org/negotiator/download/negotiator-0.6.2.tgz",
          "bundled": true
        }
      }
    },
    "another-json-schema": {
      "version": "3.8.2",
      "resolved": "https://registry.npm.taobao.org/another-json-schema/download/another-json-schema-3.8.2.tgz",
      "requires": {
        "mongodb": "3.1.10",
        "validator": "10.10.0"
      },
      "dependencies": {
        "mongodb": {
          "version": "3.1.10",
          "resolved": "https://registry.npmjs.org/mongodb/-/mongodb-3.1.10.tgz",
          "integrity": "sha512-Uml42GeFxhTGQVml1XQ4cD0o/rp7J2ROy0fdYUcVitoE7vFqEhKH4TYVqRDpQr/bXtCJVxJdNQC1ntRxNREkPQ==",
          "requires": {
            "safe-buffer": "^5.1.2"
          }
        },
        "validator": {
          "version": "10.10.0",
          "resolved": "https://registry.npmjs.org/validator/-/validator-10.10.0.tgz",
          "integrity": "sha512-DyZyLJlMXM3CGdVaVHE/EDzCagMRoPI3mmGdxxNQbqkGqh56+M3d1i0ZAWd69En8U21DHbPTn12aOdhO+hfm5w=="
        }
      }
    },
    "ansi-styles": {
      "version": "3.2.1",
      "resolved": "https://registry.npm.taobao.org/ansi-styles/download/ansi-styles-3.2.1.tgz?cache=0&sync_timestamp=1566430562325&other_urls=https%3A%2F%2Fregistry.npm.taobao.org%2Fansi-styles%2Fdownload%2Fansi-styles-3.2.1.tgz",
      "dependencies": {
        "color-convert": {
          "version": "https://registry.npm.taobao.org/color-convert/download/color-convert-1.9.3.tgz?cache=0&other_urls=https%3A%2F%2Fregistry.npm.taobao.org%2Fcolor-convert%2Fdownload%2Fcolor-convert-1.9.3.tgz",
          "bundled": true
        }
      }
    },
    "array-flatten": {
      "version": "1.1.1",
      "resolved": "https://registry.npm.taobao.org/array-flatten/download/array-flatten-1.1.1.tgz"
    },
    "body-parser": {
      "version": "1.19.0",
      "resolved": "https://registry.npm.taobao.org/body-parser/download/body-parser-1.19.0.tgz",
      "requires": {
        "debug": "2.6.9",
        "http-errors": "1.7.2",
        "qs": "6.7.0"
      },
      "dependencies": {
        "bytes": {
          "version": "https://registry.npm.taobao.org/bytes/download/bytes-3.1.0.tgz",
          "bundled": true
        },
        "content-type": {
          "version": "https://registry.npm.taobao.org/content-type/download/content-type-1.0.4.tgz",
          "bundled": true
        },
        "debug": {
          "version": "https://registry.npm.taobao.org/debug/download/debug-2.6.9.tgz",
          "bundled": true
        },
        "depd": {
          "version": "https://registry.npm.taobao.org/depd/download/depd-1.1.2.tgz",
          "bundled": true
        },
        "http-errors": {
          "version": "1.7.2",
          "resolved": "https://registry.npmjs.org/http-errors/-/http-errors-1.7.2.tgz",
          "integrity": "sha512-uUQBt3H/cSIVfch6i1EuPNy/YsRSOUBXTVfZ+yR7Zjez3qjBz6i9+i4zjNaoqcoFVI4lQJ5plg63TvGfRSDCRg==",
          "requires": {
            "inherits": "2.0.3"
          }
        },
        "iconv-lite": {
          "version": "https://registry.npm.taobao.org/iconv-lite/download/iconv-lite-0.4.24.tgz",
          "bundled": true,
          "dependencies": {
            "safer-buffer": {
              "version": "https://registry.npm.taobao.org/safer-buffer/download/safer-buffer-2.1.2.tgz"
            }
          }
        },
        "inherits": {
          "version": "2.0.3",
          "resolved": "https://registry.npmjs.org/inherits/-/inherits-2.0.3.tgz",
          "integrity": "sha1-Yzwsg+PaQqUC9SRmAiSA9CCCYd4="
        },
        "on-finished": {
          "version": "https://registry.npm.taobao.org/on-finished/download/on-finished-2.3.0.tgz",
          "bundled": true,
          "dependencies": {
            "ee-first": {
              "version": "https://registry.npm.taobao.org/ee-first/download/ee-first-1.1.1.tgz"
            }
          }
        },
        "qs": {
          "version": "https://registry.npm.taobao.org/qs/download/qs-6.7.0.tgz",
          "bundled": true
        },
        "raw-body": {
          "version": "https://registry.npm.taobao.org/raw-body/download/raw-body-2.4.0.tgz",
          "bundled": true
        },
        "type-is": {
          "version": "https://registry.npm.taobao.org/type-is/download/type-is-1.6.18.tgz",
          "bundled": true
        }
      }
    },
    "bson": {
      "version": "1.1.1",
      "resolved": "https://registry.npm.taobao.org/bson/download/bson-1.1.1.tgz"
    },
    "charenc": {
      "version": "0.0.2",
      "resolved": "https://registry.npm.taobao.org/charenc/download/charenc-0.0.2.tgz"
    },
    "config-lite": {
      "version": "2.1.0",
      "resolved": "https://registry.npm.taobao.org/config-lite/download/config-lite-2.1.0.tgz",
      "requires": {
        "lodash": "4.17.4"
      },
      "dependencies": {
        "chalk": {
          "version": "https://registry.npm.taobao.org/chalk/download/chalk-2.1.0.tgz?cache=0&other_urls=https%3A%2F%2Fregistry.npm.taobao.org%2Fchalk%2Fdownload%2Fchalk-2.1.0.tgz",
          "bundled": true,
          "dependencies": {
            "ansi-styles": {
              "version": "https://registry.npm.taobao.org/ansi-styles/download/ansi-styles-3.2.1.tgz?cache=0&sync_timestamp=1566430562325&other_urls=https%3A%2F%2Fregistry.npm.taobao.org%2Fansi-styles%2Fdownload%2Fansi-styles-3.2.1.tgz",
              "dependencies": {
                "color-convert": {
                  "version": "https://registry.npm.taobao.org/color-convert/download/color-convert-1.9.3.tgz?cache=0&other_urls=https%3A%2F%2Fregistry.npm.taobao.org%2Fcolor-convert%2Fdownload%2Fcolor-convert-1.9.3.tgz",
                  "bundled": true
                }
              }
            },
            "escape-string-regexp": {
              "version": "https://registry.npm.taobao.org/escape-string-regexp/download/escape-string-regexp-1.0.5.tgz"
            },
            "supports-color": {
              "version": "https://registry.npm.taobao.org/supports-color/download/supports-color-4.5.0.tgz"
            }
          }
        },
        "js-yaml": {
          "version": "https://registry.npm.taobao.org/js-yaml/download/js-yaml-3.9.1.tgz",
          "bundled": true
        },
        "lodash": {
          "version": "https://registry.npm.taobao.org/lodash/download/lodash-4.17.4.tgz",
          "bundled": true
        },
        "optimist": {
          "version": "https://registry.npm.taobao.org/optimist/download/optimist-0.6.1.tgz",
          "bundled": true
        },
        "resolve": {
          "version": "https://registry.npm.taobao.org/resolve/download/resolve-1.4.0.tgz",
          "bundled": true
        },
        "toml": {
          "version": "https://registry.npm.taobao.org/toml/download/toml-2.3.2.tgz",
          "bundled": true
        }
      }
    },
    "connect-flash": {
      "version": "0.1.1",
      "resolved": "https://registry.npmjs.org/connect-flash/-/connect-flash-0.1.1.tgz",
      "integrity": "sha1-2GMPJtlaf4UfmVax6MxnMvO2qjA="
    },
    "connect-mongo": {
      "version": "3.0.0",
      "resolved": "https://registry.npmjs.org/connect-mongo/-/connect-mongo-3.0.0.tgz",
      "integrity": "sha512-Y95urWNGrAoKY2w31s7Q9Gs/W3qdMCshUIeDTgulssHi6KueYtz4XrbV3kcnQaR8EcBQvooNNX7aOaAJDgudag==",
      "requires": {
        "mongodb": "^3.1.0"
      }
    },
    "cookie-signature": {
      "version": "1.0.6",
      "resolved": "https://registry.npm.taobao.org/cookie-signature/download/cookie-signature-1.0.6.tgz"
    },
    "debug": {
      "version": "2.6.9",
      "resolved": "https://registry.npm.taobao.org/debug/download/debug-2.6.9.tgz",
      "requires": {
        "ms": "2.0.0"
      },
      "dependencies": {
        "ms": {
          "version": "2.0.0",
          "resolved": "https://registry.npmjs.org/ms/-/ms-2.0.0.tgz",
          "integrity": "sha1-VgiurfwAvmwpAd9fmGF4jeDVl8g="
        }
      }
    },
    "destroy": {
      "version": "1.0.4",
      "resolved": "https://registry.npm.taobao.org/destroy/download/destroy-1.0.4.tgz"
    },
    "ee-first": {
      "version": "1.1.1",
      "resolved": "https://registry.npm.taobao.org/ee-first/download/ee-first-1.1.1.tgz"
    },
    "ejs": {
      "version": "2.7.1",
      "resolved": "https://registry.npmjs.org/ejs/-/ejs-2.7.1.tgz",
      "integrity": "sha512-kS/gEPzZs3Y1rRsbGX4UOSjtP/CeJP0CxSNZHYxGfVM/VgLcv0ZqM7C45YyTj2DI2g7+P9Dd24C+IMIg6D0nYQ=="
    },
    "escape-html": {
      "version": "1.0.3",
      "resolved": "https://registry.npm.taobao.org/escape-html/download/escape-html-1.0.3.tgz"
    },
    "express": {
      "version": "4.17.1",
      "resolved": "https://registry.npmjs.org/express/-/express-4.17.1.tgz",
      "integrity": "sha512-mHJ9O79RqluphRrcw2X/GTh3k9tVv8YcoyY4Kkh4WDMUYKRZUq0h1o0w2rrrxBqM7VoeUVqgb27xlEMXTnYt4g==",
      "requires": {
        "accepts": "~1.3.7",
        "array-flatten": "1.1.1",
        "body-parser": "1.19.0",
        "content-disposition": "0.5.3",
        "content-type": "~1.0.4",
        "cookie": "0.4.0",
        "cookie-signature": "1.0.6",
        "debug": "2.6.9",
        "depd": "~1.1.2",
        "encodeurl": "~1.0.2",
        "escape-html": "~1.0.3",
        "etag": "~1.8.1",
        "finalhandler": "~1.1.2",
        "fresh": "0.5.2",
        "merge-descriptors": "1.0.1",
        "methods": "~1.1.2",
        "on-finished": "~2.3.0",
        "parseurl": "~1.3.3",
        "path-to-regexp": "0.1.7",
        "proxy-addr": "~2.0.5",
        "qs": "6.7.0",
        "range-parser": "~1.2.1",
        "safe-buffer": "5.1.2",
        "send": "0.17.1",
        "serve-static": "1.14.1",
        "setprototypeof": "1.1.1",
        "statuses": "~1.5.0",
        "type-is": "~1.6.18",
        "utils-merge": "1.0.1",
        "vary": "~1.1.2"
      },
      "dependencies": {
        "content-disposition": {
          "version": "0.5.3",
          "resolved": "https://registry.npmjs.org/content-disposition/-/content-disposition-0.5.3.tgz",
          "integrity": "sha512-ExO0774ikEObIAEV9kDo50o+79VCUdEB6n6lzKgGwupcVeRlhrj3qGAfwq8G6uBJjkqLrhT0qEYFcWng8z1z0g==",
          "requires": {
            "safe-buffer": "5.1.2"
          }
        },
        "content-type": {
          "version": "1.0.4",
          "resolved": "https://registry.npmjs.org/content-type/-/content-type-1.0.4.tgz",
          "integrity": "sha512-hIP3EEPs8tB9AT1L+NUqtwOAps4mk2Zob89MWXMHjHWg9milF/j4osnnQLXBCBFBk/tvIG/tUc9mOUJiPBhPXA=="
        },
        "cookie": {
          "version": "0.4.0",
          "resolved": "https://registry.npmjs.org/cookie/-/cookie-0.4.0.tgz",
          "integrity": "sha512-+Hp8fLp57wnUSt0tY0tHEXh4voZRDnoIrZPqlo3DPiI4y9lwg/jqx+1Om94/W6ZaPDOUbnjOt/99w66zk+l1Xg=="
        },
        "cookie-signature": {
          "version": "1.0.6",
          "resolved": "https://registry.npmjs.org/cookie-signature/-/cookie-signature-1.0.6.tgz",
          "integrity": "sha1-4wOogrNCzD7oylE6eZmXNNqzriw="
        },
        "depd": {
          "version": "1.1.2",
          "resolved": "https://registry.npmjs.org/depd/-/depd-1.1.2.tgz",
          "integrity": "sha1-m81S4UwJd2PnSbJ0xDRu0uVgtak="
        },
        "encodeurl": {
          "version": "1.0.2",
          "resolved": "https://registry.npmjs.org/encodeurl/-/encodeurl-1.0.2.tgz",
          "integrity": "sha1-rT/0yG7C0CkyL1oCw6mmBslbP1k="
        },
        "etag": {
          "version": "1.8.1",
          "resolved": "https://registry.npmjs.org/etag/-/etag-1.8.1.tgz",
          "integrity": "sha1-Qa4u62XvpiJorr/qg6x9eSmbCIc="
        },
        "fresh": {
          "version": "0.5.2",
          "resolved": "https://registry.npmjs.org/fresh/-/fresh-0.5.2.tgz",
          "integrity": "sha1-PYyt2Q2XZWn6g1qx+OSyOhBWBac="
        },
        "merge-descriptors": {
          "version": "1.0.1",
          "resolved": "https://registry.npmjs.org/merge-descriptors/-/merge-descriptors-1.0.1.tgz",
          "integrity": "sha1-sAqqVW3YtEVoFQ7J0blT8/kMu2E="
        },
        "methods": {
          "version": "1.1.2",
          "resolved": "https://registry.npmjs.org/methods/-/methods-1.1.2.tgz",
          "integrity": "sha1-VSmk1nZUE07cxSZmVoNbD4Ua/O4="
        },
        "on-finished": {
          "version": "2.3.0",
          "resolved": "https://registry.npmjs.org/on-finished/-/on-finished-2.3.0.tgz",
          "integrity": "sha1-IPEzZIGwg811M3mSoWlxqi2QaUc=",
          "requires": {
            "ee-first": "1.1.1"
          }
        },
        "parseurl": {
          "version": "1.3.3",
          "resolved": "https://registry.npmjs.org/parseurl/-/parseurl-1.3.3.tgz",
          "integrity": "sha512-CiyeOxFT/JZyN5m0z9PfXw4SCBJ6Sygz1Dpl0wqjlhDEGGBP1GnsUVEL0p63hoG1fcj3fHynXi9NYO4nWOL+qQ=="
        },
        "path-to-regexp": {
          "version": "0.1.7",
          "resolved": "https://registry.npmjs.org/path-to-regexp/-/path-to-regexp-0.1.7.tgz",
          "integrity": "sha1-32BBeABfUi8V60SQ5yR6G/qmf4w="
        },
        "serve-static": {
          "version": "1.14.1",
          "resolved": "https://registry.npmjs.org/serve-static/-/serve-static-1.14.1.tgz",
          "integrity": "sha512-JMrvUwE54emCYWlTI+hGrGv5I8dEwmco/00EvkzIIsR7MqrHonbD9pO2MOfFnpFntl7ecpZs+3mW+XbQZu9QCg==",
          "requires": {
            "encodeurl": "~1.0.2",
            "escape-html": "~1.0.3",
            "parseurl": "~1.3.3",
            "send": "0.17.1"
          }
        },
        "setprototypeof": {
          "version": "1.1.1",
          "resolved": "https://registry.npmjs.org/setprototypeof/-/setprototypeof-1.1.1.tgz",
          "integrity": "sha512-JvdAWfbXeIGaZ9cILp38HntZSFSo3mWg6xGcJJsd+d4aRMOqauag1C63dJfDw7OaMYwEbHMOxEZ1lqVRYP2OAw=="
        },
        "statuses": {
          "version": "1.5.0",
          "resolved": "https://registry.npmjs.org/statuses/-/statuses-1.5.0.tgz",
          "integrity": "sha1-Fhx9rBd2Wf2YEfQ3cfqZOBR4Yow="
        },
        "type-is": {
          "version": "1.6.18",
          "resolved": "https://registry.npmjs.org/type-is/-/type-is-1.6.18.tgz",
          "integrity": "sha512-TkRKr9sUTxEH8MdfuCSP7VizJyzRNMjj2J2do2Jr3Kym598JVdEksuzPQCnlFPW4ky9Q+iA+ma9BGm06XQBy8g==",
          "requires": {
            "media-typer": "0.3.0",
            "mime-types": "~2.1.24"
          }
        },
        "vary": {
          "version": "1.1.2",
          "resolved": "https://registry.npmjs.org/vary/-/vary-1.1.2.tgz",
          "integrity": "sha1-IpnwLG3tMNSllhsLn3RSShj2NPw="
        }
      }
    },
    "express-formidable": {
      "version": "1.2.0",
      "resolved": "https://registry.npm.taobao.org/express-formidable/download/express-formidable-1.2.0.tgz",
      "dependencies": {
        "formidable": {
          "version": "https://registry.npm.taobao.org/formidable/download/formidable-1.2.1.tgz",
          "bundled": true
        }
      }
    },
    "express-session": {
      "version": "1.16.2",
      "resolved": "https://registry.npmjs.org/express-session/-/express-session-1.16.2.tgz",
      "integrity": "sha512-oy0sRsdw6n93E9wpCNWKRnSsxYnSDX9Dnr9mhZgqUEEorzcq5nshGYSZ4ZReHFhKQ80WI5iVUUSPW7u3GaKauw==",
      "requires": {
        "cookie": "0.3.1",
        "cookie-signature": "1.0.6",
        "debug": "2.6.9",
        "depd": "~2.0.0",
        "on-headers": "~1.0.2",
        "parseurl": "~1.3.3",
        "safe-buffer": "5.1.2",
        "uid-safe": "~2.1.5"
      },
      "dependencies": {
        "cookie": {
          "version": "0.3.1",
          "resolved": "https://registry.npmjs.org/cookie/-/cookie-0.3.1.tgz",
          "integrity": "sha1-5+Ch+e9DtMi6klxcWpboBtFoc7s="
        },
        "depd": {
          "version": "2.0.0",
          "resolved": "https://registry.npmjs.org/depd/-/depd-2.0.0.tgz",
          "integrity": "sha512-g7nH6P6dyDioJogAAGprGpCtVImJhpPk/roCzdb3fIh61/s/nPsfR6onyMwkCAR/OlC3yBC0lESvUoQEAssIrw=="
        },
        "on-headers": {
          "version": "1.0.2",
          "resolved": "https://registry.npmjs.org/on-headers/-/on-headers-1.0.2.tgz",
          "integrity": "sha512-pZAE+FJLoyITytdqK0U5s+FIpjN0JP3OzFi/u8Rx+EV5/W+JTWGXG8xFzevE7AjBfDqHv/8vL8qQsIhHnqRkrA=="
        }
      }
    },
    "express-winston": {
      "version": "3.3.0",
      "resolved": "https://registry.npmjs.org/express-winston/-/express-winston-3.3.0.tgz",
      "integrity": "sha512-7Ws97tPNTeSt9mtvXJlHIsSuTIE3BskOnxMVc23KokWEgYCcLmXtofvznzALiUCBQc8k24B66AycjqUU3IJz4A==",
      "requires": {
        "chalk": "^2.4.1",
        "lodash": "^4.17.10"
      },
      "dependencies": {
        "chalk": {
          "version": "2.4.2",
          "resolved": "https://registry.npmjs.org/chalk/-/chalk-2.4.2.tgz",
          "integrity": "sha512-Mti+f9lpJNcwF4tWV8/OrTTtF1gZi+f8FqlyAdouralcFWFQWF2+NgCHShjkCb+IFBLq9buZwE1xckQU4peSuQ==",
          "requires": {
            "ansi-styles": "^3.2.1",
            "escape-string-regexp": "^1.0.5",
            "supports-color": "^5.3.0"
          }
        },
        "escape-string-regexp": {
          "version": "1.0.5",
          "resolved": "https://registry.npmjs.org/escape-string-regexp/-/escape-string-regexp-1.0.5.tgz",
          "integrity": "sha1-G2HAViGQqN/2rjuyzwIAyhMLhtQ="
        },
        "lodash": {
          "version": "4.17.10",
          "resolved": "https://registry.npmjs.org/lodash/-/lodash-4.17.10.tgz",
          "integrity": "sha512-UejweD1pDoXu+AD825lWwp4ZGtSwgnpZxb3JDViD7StjQz+Nb/6l093lx4OQ0foGWNRoc19mWy7BzL+UAK2iVg=="
        },
        "supports-color": {
          "version": "5.5.0",
          "resolved": "https://registry.npmjs.org/supports-color/-/supports-color-5.5.0.tgz",
          "integrity": "sha512-QjVjwdXIt408MIiAqCX4oUKsgU2EqAGzs2Ppkm4aQYbjm+ZEWEcW4SfFNTr4uMNZma0ey4f5lgLrkB0aX0QMow==",
          "requires": {
            "has-flag": "^3.0.0"
          }
        }
      }
    },
    "finalhandler": {
      "version": "1.1.2",
      "resolved": "https://registry.npm.taobao.org/finalhandler/download/finalhandler-1.1.2.tgz",
      "requires": {
        "debug": "2.6.9",
        "escape-html": "~1.0.3",
        "parseurl": "~1.3.3"
      },
      "dependencies": {
        "debug": {
          "version": "https://registry.npm.taobao.org/debug/download/debug-2.6.9.tgz",
          "bundled": true,
          "dependencies": {
            "ms": {
              "version": "https://registry.npm.taobao.org/ms/download/ms-2.0.0.tgz",
              "bundled": true
            }
          }
        },
        "encodeurl": {
          "version": "https://registry.npm.taobao.org/encodeurl/download/encodeurl-1.0.2.tgz",
          "bundled": true
        },
        "escape-html": {
          "version": "https://registry.npm.taobao.org/escape-html/download/escape-html-1.0.3.tgz",
          "bundled": true
        },
        "on-finished": {
          "version": "https://registry.npm.taobao.org/on-finished/download/on-finished-2.3.0.tgz",
          "bundled": true
        },
        "parseurl": {
          "version": "https://registry.npm.taobao.org/parseurl/download/parseurl-1.3.3.tgz",
          "bundled": true
        },
        "statuses": {
          "version": "https://registry.npm.taobao.org/statuses/download/statuses-1.5.0.tgz",
          "bundled": true
        },
        "unpipe": {
          "version": "https://registry.npm.taobao.org/unpipe/download/unpipe-1.0.0.tgz",
          "bundled": true
        }
      }
    },
    "has-flag": {
      "version": "3.0.0",
      "resolved": "https://registry.npm.taobao.org/has-flag/download/has-flag-3.0.0.tgz"
    },
    "lodash": {
      "version": "4.17.4",
      "resolved": "https://registry.npm.taobao.org/lodash/download/lodash-4.17.4.tgz"
    },
    "marked": {
      "version": "0.7.0",
      "resolved": "https://registry.npm.taobao.org/marked/download/marked-0.7.0.tgz?cache=0&sync_timestamp=1562386991938&other_urls=https%3A%2F%2Fregistry.npm.taobao.org%2Fmarked%2Fdownload%2Fmarked-0.7.0.tgz"
    },
    "media-typer": {
      "version": "0.3.0",
      "resolved": "https://registry.npm.taobao.org/media-typer/download/media-typer-0.3.0.tgz"
    },
    "mime": {
      "version": "1.6.0",
      "resolved": "https://registry.npm.taobao.org/mime/download/mime-1.6.0.tgz"
    },
    "mime-types": {
      "version": "2.1.24",
      "resolved": "https://registry.npm.taobao.org/mime-types/download/mime-types-2.1.24.tgz",
      "dependencies": {
        "mime-db": {
          "version": "https://registry.npm.taobao.org/mime-db/download/mime-db-1.40.0.tgz",
          "bundled": true
        }
      }
    },
    "moment": {
      "version": "2.24.0",
      "resolved": "https://registry.npmjs.org/moment/-/moment-2.24.0.tgz",
      "integrity": "sha512-bV7f+6l2QigeBBZSM/6yTNq4P2fNpSWj/0e7jQcy87A8e7o2nAfP/34/2ky5Vw4B9S446EtIhodAzkFCcR4dQg=="
    },
    "mongodb": {
      "version": "3.3.2",
      "resolved": "https://registry.npm.taobao.org/mongodb/download/mongodb-3.3.2.tgz",
      "requires": {
        "bson": "^1.1.1",
        "safe-buffer": "^5.1.2"
      },
      "dependencies": {
        "bson": {
          "version": "https://registry.npm.taobao.org/bson/download/bson-1.1.1.tgz",
          "bundled": true
        },
        "require_optional": {
          "version": "https://registry.npm.taobao.org/require_optional/download/require_optional-1.0.1.tgz",
          "bundled": true,
          "dependencies": {
            "resolve-from": {
              "version": "https://registry.npm.taobao.org/resolve-from/download/resolve-from-2.0.0.tgz",
              "bundled": true
            },
            "semver": {
              "version": "https://registry.npm.taobao.org/semver/download/semver-5.7.1.tgz",
              "bundled": true
            }
          }
        },
        "safe-buffer": {
          "version": "https://registry.npm.taobao.org/safe-buffer/download/safe-buffer-5.2.0.tgz",
          "bundled": true
        }
      }
    },
    "mongolass": {
      "version": "4.4.5",
      "resolved": "https://registry.npmjs.org/mongolass/-/mongolass-4.4.5.tgz",
      "integrity": "sha512-BzstXs2zGhNoIVpXOFY9U+P37i6Tds4wZHk7MZC47mbbpWb3afHXw+Xe34nSty9ihODgP1UEHF+HZmVlhmJ0vw==",
      "requires": {
        "another-json-schema": "^3.8.2",
        "debug": "4.1.1",
        "inflected": "2.0.4",
        "mongodb": "~3.3.2",
        "mongolass-plugin-populate": "*",
        "muri": "1.3.0",
        "validator": "11.1.0"
      },
      "dependencies": {
        "debug": {
          "version": "4.1.1",
          "resolved": "https://registry.npmjs.org/debug/-/debug-4.1.1.tgz",
          "integrity": "sha512-pYAIzeRo8J6KPEaJ0VWOh5Pzkbw/RetuzehGM7QRRX5he4fPHx2rdKMB256ehJCkX+XRQm16eZLqLNS8RSZXZw==",
          "requires": {
            "ms": "^2.1.1"
          }
        },
        "inflected": {
          "version": "2.0.4",
          "resolved": "https://registry.npmjs.org/inflected/-/inflected-2.0.4.tgz",
          "integrity": "sha512-HQPzFLTTUvwfeUH6RAGjD8cHS069mBqXG5n4qaxX7sJXBhVQrsGgF+0ZJGkSuN6a8pcUWB/GXStta11kKi/WvA=="
        },
        "ms": {
          "version": "2.1.2",
          "resolved": "https://registry.npmjs.org/ms/-/ms-2.1.2.tgz",
          "integrity": "sha512-sGkPx+VjMtmA6MX27oA4FBFELFCZZ4S4XqeGOXCv68tT+jb3vk/RyaKWP0PTKyWtmLSM0b+adUTEvbs1PEaH2w=="
        },
        "muri": {
          "version": "1.3.0",
          "resolved": "https://registry.npmjs.org/muri/-/muri-1.3.0.tgz",
          "integrity": "sha512-FiaFwKl864onHFFUV/a2szAl7X0fxVlSKNdhTf+BM8i8goEgYut8u5P9MqQqIYwvaMxjzVESsoEm/2kfkFH1rg=="
        },
        "validator": {
          "version": "11.1.0",
          "resolved": "https://registry.npmjs.org/validator/-/validator-11.1.0.tgz",
          "integrity": "sha512-qiQ5ktdO7CD6C/5/mYV4jku/7qnqzjrxb3C/Q5wR3vGGinHTgJZN/TdFT3ZX4vXhX2R1PXx42fB1cn5W+uJ4lg=="
        }
      }
    },
    "mongolass-plugin-populate": {
      "version": "0.4.0",
      "resolved": "https://registry.npm.taobao.org/mongolass-plugin-populate/download/mongolass-plugin-populate-0.4.0.tgz",
      "requires": {
        "lodash": "4.17.10"
      },
      "dependencies": {
        "lodash": {
          "version": "4.17.10",
          "resolved": "https://registry.npmjs.org/lodash/-/lodash-4.17.10.tgz",
          "integrity": "sha512-UejweD1pDoXu+AD825lWwp4ZGtSwgnpZxb3JDViD7StjQz+Nb/6l093lx4OQ0foGWNRoc19mWy7BzL+UAK2iVg=="
        }
      }
    },
    "mysql": {
      "version": "2.17.1",
      "resolved": "https://registry.npm.taobao.org/mysql/download/mysql-2.17.1.tgz",
      "requires": {
        "safe-buffer": "5.1.2"
      },
      "dependencies": {
        "bignumber.js": {
          "version": "https://registry.npm.taobao.org/bignumber.js/download/bignumber.js-7.2.1.tgz",
          "bundled": true
        },
        "readable-stream": {
          "version": "https://registry.npm.taobao.org/readable-stream/download/readable-stream-2.3.6.tgz",
          "bundled": true,
          "dependencies": {
            "core-util-is": {
              "version": "https://registry.npm.taobao.org/core-util-is/download/core-util-is-1.0.2.tgz"
            },
            "inherits": {
              "version": "https://registry.npm.taobao.org/inherits/download/inherits-2.0.4.tgz"
            },
            "isarray": {
              "version": "https://registry.npm.taobao.org/isarray/download/isarray-1.0.0.tgz"
            },
            "process-nextick-args": {
              "version": "https://registry.npm.taobao.org/process-nextick-args/download/process-nextick-args-2.0.1.tgz"
            },
            "safe-buffer": {
              "version": "https://registry.npm.taobao.org/safe-buffer/download/safe-buffer-5.1.2.tgz"
            },
            "string_decoder": {
              "version": "https://registry.npm.taobao.org/string_decoder/download/string_decoder-1.1.1.tgz"
            },
            "util-deprecate": {
              "version": "https://registry.npm.taobao.org/util-deprecate/download/util-deprecate-1.0.2.tgz"
            }
          }
        },
        "safe-buffer": {
          "version": "https://registry.npm.taobao.org/safe-buffer/download/safe-buffer-5.1.2.tgz",
          "bundled": true
        },
        "sqlstring": {
          "version": "https://registry.npm.taobao.org/sqlstring/download/sqlstring-2.3.1.tgz",
          "bundled": true
        }
      }
    },
    "objectid-to-timestamp": {
      "version": "1.3.0",
      "resolved": "https://registry.npmjs.org/objectid-to-timestamp/-/objectid-to-timestamp-1.3.0.tgz",
      "integrity": "sha1-Yeys9lgHUdIGOzVEZwndjM7C5fE="
    },
    "parseurl": {
      "version": "1.3.3",
      "resolved": "https://registry.npm.taobao.org/parseurl/download/parseurl-1.3.3.tgz"
    },
    "proxy-addr": {
      "version": "2.0.5",
      "resolved": "https://registry.npm.taobao.org/proxy-addr/download/proxy-addr-2.0.5.tgz",
      "dependencies": {
        "forwarded": {
          "version": "https://registry.npm.taobao.org/forwarded/download/forwarded-0.1.2.tgz",
          "bundled": true
        },
        "ipaddr.js": {
          "version": "https://registry.npm.taobao.org/ipaddr.js/download/ipaddr.js-1.9.0.tgz",
          "bundled": true
        }
      }
    },
    "qs": {
      "version": "6.7.0",
      "resolved": "https://registry.npm.taobao.org/qs/download/qs-6.7.0.tgz"
    },
    "range-parser": {
      "version": "1.2.1",
      "resolved": "https://registry.npm.taobao.org/range-parser/download/range-parser-1.2.1.tgz"
    },
    "safe-buffer": {
      "version": "5.1.2",
      "resolved": "https://registry.npm.taobao.org/safe-buffer/download/safe-buffer-5.1.2.tgz"
    },
    "send": {
      "version": "0.17.1",
      "resolved": "https://registry.npm.taobao.org/send/download/send-0.17.1.tgz",
      "requires": {
        "debug": "2.6.9",
        "destroy": "~1.0.4",
        "escape-html": "~1.0.3",
        "mime": "1.6.0",
        "range-parser": "~1.2.1"
      },
      "dependencies": {
        "debug": {
          "version": "https://registry.npm.taobao.org/debug/download/debug-2.6.9.tgz",
          "bundled": true,
          "dependencies": {
            "ms": {
              "version": "https://registry.npm.taobao.org/ms/download/ms-2.0.0.tgz",
              "bundled": true
            }
          }
        },
        "depd": {
          "version": "https://registry.npm.taobao.org/depd/download/depd-1.1.2.tgz",
          "bundled": true
        },
        "destroy": {
          "version": "https://registry.npm.taobao.org/destroy/download/destroy-1.0.4.tgz",
          "bundled": true
        },
        "encodeurl": {
          "version": "https://registry.npm.taobao.org/encodeurl/download/encodeurl-1.0.2.tgz",
          "bundled": true
        },
        "escape-html": {
          "version": "https://registry.npm.taobao.org/escape-html/download/escape-html-1.0.3.tgz",
          "bundled": true
        },
        "etag": {
          "version": "https://registry.npm.taobao.org/etag/download/etag-1.8.1.tgz",
          "bundled": true
        },
        "fresh": {
          "version": "https://registry.npm.taobao.org/fresh/download/fresh-0.5.2.tgz",
          "bundled": true
        },
        "http-errors": {
          "version": "https://registry.npm.taobao.org/http-errors/download/http-errors-1.7.3.tgz",
          "bundled": true
        },
        "mime": {
          "version": "https://registry.npm.taobao.org/mime/download/mime-1.6.0.tgz",
          "bundled": true
        },
        "ms": {
          "version": "https://registry.npm.taobao.org/ms/download/ms-2.1.1.tgz",
          "bundled": true
        },
        "on-finished": {
          "version": "https://registry.npm.taobao.org/on-finished/download/on-finished-2.3.0.tgz",
          "bundled": true,
          "dependencies": {
            "ee-first": {
              "version": "https://registry.npm.taobao.org/ee-first/download/ee-first-1.1.1.tgz"
            }
          }
        },
        "range-parser": {
          "version": "https://registry.npm.taobao.org/range-parser/download/range-parser-1.2.1.tgz",
          "bundled": true
        },
        "statuses": {
          "version": "https://registry.npm.taobao.org/statuses/download/statuses-1.5.0.tgz",
          "bundled": true
        }
      }
    },
    "sha1": {
      "version": "1.1.1",
      "resolved": "https://registry.npmjs.org/sha1/-/sha1-1.1.1.tgz",
      "integrity": "sha1-rdqnqTFo85PxnrKxUJFhjicA+Eg=",
      "requires": {
        "charenc": ">= 0.0.1",
        "crypt": ">= 0.0.1"
      },
      "dependencies": {
        "crypt": {
          "version": "0.0.2",
          "resolved": "https://registry.npmjs.org/crypt/-/crypt-0.0.2.tgz",
          "integrity": "sha1-iNf/fsDfuG9xPch7u0LQRNPmxBs="
        }
      }
    },
    "uid-safe": {
      "version": "2.1.5",
      "resolved": "https://registry.npm.taobao.org/uid-safe/download/uid-safe-2.1.5.tgz",
      "dependencies": {
        "random-bytes": {
          "version": "https://registry.npm.taobao.org/random-bytes/download/random-bytes-1.0.0.tgz",
          "bundled": true
        }
      }
    },
    "utils-merge": {
      "version": "1.0.1",
      "resolved": "https://registry.npm.taobao.org/utils-merge/download/utils-merge-1.0.1.tgz"
    },
    "winston": {
      "version": "3.2.1",
      "resolved": "https://registry.npm.taobao.org/winston/download/winston-3.2.1.tgz",
      "dependencies": {
        "async": {
          "version": "https://registry.npm.taobao.org/async/download/async-2.6.3.tgz",
          "bundled": true
        },
        "diagnostics": {
          "version": "https://registry.npm.taobao.org/diagnostics/download/diagnostics-1.1.1.tgz",
          "bundled": true,
          "dependencies": {
            "colorspace": {
              "version": "https://registry.npm.taobao.org/colorspace/download/colorspace-1.1.2.tgz",
              "dependencies": {
                "color": {
                  "version": "https://registry.npm.taobao.org/color/download/color-3.0.0.tgz",
                  "bundled": true,
                  "dependencies": {
                    "color-convert": {
                      "version": "https://registry.npm.taobao.org/color-convert/download/color-convert-1.9.3.tgz?cache=0&other_urls=https%3A%2F%2Fregistry.npm.taobao.org%2Fcolor-convert%2Fdownload%2Fcolor-convert-1.9.3.tgz",
                      "dependencies": {
                        "color-name": {
                          "version": "https://registry.npm.taobao.org/color-name/download/color-name-1.1.3.tgz"
                        }
                      }
                    },
                    "color-string": {
                      "version": "https://registry.npm.taobao.org/color-string/download/color-string-1.5.3.tgz"
                    }
                  }
                },
                "text-hex": {
                  "version": "https://registry.npm.taobao.org/text-hex/download/text-hex-1.0.0.tgz",
                  "bundled": true
                }
              }
            },
            "enabled": {
              "version": "https://registry.npm.taobao.org/enabled/download/enabled-1.0.2.tgz"
            },
            "kuler": {
              "version": "https://registry.npm.taobao.org/kuler/download/kuler-1.0.1.tgz"
            }
          }
        },
        "is-stream": {
          "version": "https://registry.npm.taobao.org/is-stream/download/is-stream-1.1.0.tgz",
          "bundled": true
        },
        "logform": {
          "version": "https://registry.npm.taobao.org/logform/download/logform-2.1.2.tgz",
          "bundled": true
        },
        "one-time": {
          "version": "https://registry.npm.taobao.org/one-time/download/one-time-0.0.4.tgz",
          "bundled": true
        },
        "readable-stream": {
          "version": "https://registry.npm.taobao.org/readable-stream/download/readable-stream-3.4.0.tgz",
          "bundled": true
        },
        "stack-trace": {
          "version": "https://registry.npm.taobao.org/stack-trace/download/stack-trace-0.0.10.tgz",
          "bundled": true
        },
        "triple-beam": {
          "version": "https://registry.npm.taobao.org/triple-beam/download/triple-beam-1.3.0.tgz",
          "bundled": true
        },
        "winston-transport": {
          "version": "https://registry.npm.taobao.org/winston-transport/download/winston-transport-4.3.0.tgz",
          "bundled": true
        }
      }
    }
  }
}
